// !$*UTF8*$!
{
	archiveVersion = 1;
	classes = {
	};
	objectVersion = 55;
	objects = {

/* Begin PBXBuildFile section */
		FA34E72727A9A7B4005E6051 /* AppDelegate.swift in Sources */ = {isa = PBXBuildFile; fileRef = FA34E72627A9A7B4005E6051 /* AppDelegate.swift */; };
		FA34E72B27A9A7B4005E6051 /* MainViewController.swift in Sources */ = {isa = PBXBuildFile; fileRef = FA34E72A27A9A7B4005E6051 /* MainViewController.swift */; };
		FA34E73127A9A7B4005E6051 /* MarvelCharactersApp.xcdatamodeld in Sources */ = {isa = PBXBuildFile; fileRef = FA34E72F27A9A7B4005E6051 /* MarvelCharactersApp.xcdatamodeld */; };
		FA34E73327A9A7B7005E6051 /* Assets.xcassets in Resources */ = {isa = PBXBuildFile; fileRef = FA34E73227A9A7B7005E6051 /* Assets.xcassets */; };
		FA34E73627A9A7B7005E6051 /* LaunchScreen.storyboard in Resources */ = {isa = PBXBuildFile; fileRef = FA34E73427A9A7B7005E6051 /* LaunchScreen.storyboard */; };
		FA34E74127A9A7B7005E6051 /* MarvelCharactersAppTests.swift in Sources */ = {isa = PBXBuildFile; fileRef = FA34E74027A9A7B7005E6051 /* MarvelCharactersAppTests.swift */; };
		FA34E74B27A9A7B7005E6051 /* MarvelCharactersAppUITests.swift in Sources */ = {isa = PBXBuildFile; fileRef = FA34E74A27A9A7B7005E6051 /* MarvelCharactersAppUITests.swift */; };
		FA34E74D27A9A7B7005E6051 /* MarvelCharactersAppUITestsLaunchTests.swift in Sources */ = {isa = PBXBuildFile; fileRef = FA34E74C27A9A7B7005E6051 /* MarvelCharactersAppUITestsLaunchTests.swift */; };
		FA34E75F27A9B050005E6051 /* MainViewModel.swift in Sources */ = {isa = PBXBuildFile; fileRef = FA34E75E27A9B050005E6051 /* MainViewModel.swift */; };
		FA34E76227A9B5A0005E6051 /* CharacterCollectionViewCell.swift in Sources */ = {isa = PBXBuildFile; fileRef = FA34E76127A9B5A0005E6051 /* CharacterCollectionViewCell.swift */; };
		FA34E76427A9B751005E6051 /* MainViewControllerFactory.swift in Sources */ = {isa = PBXBuildFile; fileRef = FA34E76327A9B750005E6051 /* MainViewControllerFactory.swift */; };
		FA34E76627A9BE97005E6051 /* NetworkingService.swift in Sources */ = {isa = PBXBuildFile; fileRef = FA34E76527A9BE97005E6051 /* NetworkingService.swift */; };
		FA34E76827A9C51A005E6051 /* Endpoint.swift in Sources */ = {isa = PBXBuildFile; fileRef = FA34E76727A9C51A005E6051 /* Endpoint.swift */; };
		FA34E76B27A9F5FF005E6051 /* NetworkingError.swift in Sources */ = {isa = PBXBuildFile; fileRef = FA34E76A27A9F5FE005E6051 /* NetworkingError.swift */; };
		FA34E76E27A9FA9D005E6051 /* MarvelError.swift in Sources */ = {isa = PBXBuildFile; fileRef = FA34E76D27A9FA9D005E6051 /* MarvelError.swift */; };
		FA34E77027A9FBE8005E6051 /* NetworkErrorHandler.swift in Sources */ = {isa = PBXBuildFile; fileRef = FA34E76F27A9FBE8005E6051 /* NetworkErrorHandler.swift */; };
		FA34E77227AA02B1005E6051 /* Character.swift in Sources */ = {isa = PBXBuildFile; fileRef = FA34E77127AA02B1005E6051 /* Character.swift */; };
		FA34E77427AA0586005E6051 /* CharactersResponse.swift in Sources */ = {isa = PBXBuildFile; fileRef = FA34E77327AA0586005E6051 /* CharactersResponse.swift */; };
		FA34E77827AA06A5005E6051 /* UIAlertController.swift in Sources */ = {isa = PBXBuildFile; fileRef = FA34E77727AA06A5005E6051 /* UIAlertController.swift */; };
		FA34E77C27AA0A26005E6051 /* String.swift in Sources */ = {isa = PBXBuildFile; fileRef = FA34E77B27AA0A26005E6051 /* String.swift */; };
		FA34E78027AA0C8D005E6051 /* URL.swift in Sources */ = {isa = PBXBuildFile; fileRef = FA34E77F27AA0C8D005E6051 /* URL.swift */; };
		FA34E78227AA0DA3005E6051 /* AuthorizationHandler.swift in Sources */ = {isa = PBXBuildFile; fileRef = FA34E78127AA0DA3005E6051 /* AuthorizationHandler.swift */; };
		FA34E78427AA1107005E6051 /* Bundle.swift in Sources */ = {isa = PBXBuildFile; fileRef = FA34E78327AA1107005E6051 /* Bundle.swift */; };
		FA3B89AE27AC2A9D0060F811 /* Comics.swift in Sources */ = {isa = PBXBuildFile; fileRef = FA3B89AD27AC2A9D0060F811 /* Comics.swift */; };
		FA3B89B027AC2B4D0060F811 /* ComicsResponse.swift in Sources */ = {isa = PBXBuildFile; fileRef = FA3B89AF27AC2B4D0060F811 /* ComicsResponse.swift */; };
		FA3B89B327AC2E360060F811 /* NetworkingViewModel.swift in Sources */ = {isa = PBXBuildFile; fileRef = FA3B89B227AC2E360060F811 /* NetworkingViewModel.swift */; };
		FA3B89B527AC2F220060F811 /* PageViewModel.swift in Sources */ = {isa = PBXBuildFile; fileRef = FA3B89B427AC2F220060F811 /* PageViewModel.swift */; };
		FA3B89B727AC36C60060F811 /* Colors.xcassets in Resources */ = {isa = PBXBuildFile; fileRef = FA3B89B627AC36C60060F811 /* Colors.xcassets */; };
		FA3B89B927AC38190060F811 /* Color.swift in Sources */ = {isa = PBXBuildFile; fileRef = FA3B89B827AC38190060F811 /* Color.swift */; };
		FA3B89BC27AC3A740060F811 /* ComicsTableViewCell.swift in Sources */ = {isa = PBXBuildFile; fileRef = FA3B89BB27AC3A740060F811 /* ComicsTableViewCell.swift */; };
		FA84BD4C27AAA27E0011ED2E /* UIImageView.swift in Sources */ = {isa = PBXBuildFile; fileRef = FA84BD4B27AAA27E0011ED2E /* UIImageView.swift */; };
		FA84BD4F27AABEC80011ED2E /* Thumbnail.swift in Sources */ = {isa = PBXBuildFile; fileRef = FA84BD4E27AABEC80011ED2E /* Thumbnail.swift */; };
		FA84BD5427AACF1E0011ED2E /* ComicsViewController.swift in Sources */ = {isa = PBXBuildFile; fileRef = FA84BD5327AACF1E0011ED2E /* ComicsViewController.swift */; };
		FA84BD5627AACF750011ED2E /* ComicsViewModel.swift in Sources */ = {isa = PBXBuildFile; fileRef = FA84BD5527AACF750011ED2E /* ComicsViewModel.swift */; };
		FA84BD5827AAD1AF0011ED2E /* ComicsViewControllerFactory.swift in Sources */ = {isa = PBXBuildFile; fileRef = FA84BD5727AAD1AF0011ED2E /* ComicsViewControllerFactory.swift */; };
		FA84BD5B27AADF3F0011ED2E /* PageInfo.swift in Sources */ = {isa = PBXBuildFile; fileRef = FA84BD5A27AADF3F0011ED2E /* PageInfo.swift */; };
		FA87E5CF27AD7D5200A78EBF /* CoreDataService.swift in Sources */ = {isa = PBXBuildFile; fileRef = FA87E5CE27AD7D5200A78EBF /* CoreDataService.swift */; };
		FA87E5D227AD931900A78EBF /* CharacterRepository.swift in Sources */ = {isa = PBXBuildFile; fileRef = FA87E5D127AD931900A78EBF /* CharacterRepository.swift */; };
/* End PBXBuildFile section */

/* Begin PBXContainerItemProxy section */
		FA34E73D27A9A7B7005E6051 /* PBXContainerItemProxy */ = {
			isa = PBXContainerItemProxy;
			containerPortal = FA34E71B27A9A7B4005E6051 /* Project object */;
			proxyType = 1;
			remoteGlobalIDString = FA34E72227A9A7B4005E6051;
			remoteInfo = MarvelCharactersApp;
		};
		FA34E74727A9A7B7005E6051 /* PBXContainerItemProxy */ = {
			isa = PBXContainerItemProxy;
			containerPortal = FA34E71B27A9A7B4005E6051 /* Project object */;
			proxyType = 1;
			remoteGlobalIDString = FA34E72227A9A7B4005E6051;
			remoteInfo = MarvelCharactersApp;
		};
/* End PBXContainerItemProxy section */

/* Begin PBXFileReference section */
		FA34E72327A9A7B4005E6051 /* MarvelCharactersApp.app */ = {isa = PBXFileReference; explicitFileType = wrapper.application; includeInIndex = 0; path = MarvelCharactersApp.app; sourceTree = BUILT_PRODUCTS_DIR; };
		FA34E72627A9A7B4005E6051 /* AppDelegate.swift */ = {isa = PBXFileReference; lastKnownFileType = sourcecode.swift; path = AppDelegate.swift; sourceTree = "<group>"; };
		FA34E72A27A9A7B4005E6051 /* MainViewController.swift */ = {isa = PBXFileReference; lastKnownFileType = sourcecode.swift; path = MainViewController.swift; sourceTree = "<group>"; };
		FA34E73027A9A7B4005E6051 /* MarvelCharactersApp.xcdatamodel */ = {isa = PBXFileReference; lastKnownFileType = wrapper.xcdatamodel; path = MarvelCharactersApp.xcdatamodel; sourceTree = "<group>"; };
		FA34E73227A9A7B7005E6051 /* Assets.xcassets */ = {isa = PBXFileReference; lastKnownFileType = folder.assetcatalog; path = Assets.xcassets; sourceTree = "<group>"; };
		FA34E73527A9A7B7005E6051 /* Base */ = {isa = PBXFileReference; lastKnownFileType = file.storyboard; name = Base; path = Base.lproj/LaunchScreen.storyboard; sourceTree = "<group>"; };
		FA34E73727A9A7B7005E6051 /* Info.plist */ = {isa = PBXFileReference; lastKnownFileType = text.plist.xml; path = Info.plist; sourceTree = "<group>"; };
		FA34E73C27A9A7B7005E6051 /* MarvelCharactersAppTests.xctest */ = {isa = PBXFileReference; explicitFileType = wrapper.cfbundle; includeInIndex = 0; path = MarvelCharactersAppTests.xctest; sourceTree = BUILT_PRODUCTS_DIR; };
		FA34E74027A9A7B7005E6051 /* MarvelCharactersAppTests.swift */ = {isa = PBXFileReference; lastKnownFileType = sourcecode.swift; path = MarvelCharactersAppTests.swift; sourceTree = "<group>"; };
		FA34E74627A9A7B7005E6051 /* MarvelCharactersAppUITests.xctest */ = {isa = PBXFileReference; explicitFileType = wrapper.cfbundle; includeInIndex = 0; path = MarvelCharactersAppUITests.xctest; sourceTree = BUILT_PRODUCTS_DIR; };
		FA34E74A27A9A7B7005E6051 /* MarvelCharactersAppUITests.swift */ = {isa = PBXFileReference; lastKnownFileType = sourcecode.swift; path = MarvelCharactersAppUITests.swift; sourceTree = "<group>"; };
		FA34E74C27A9A7B7005E6051 /* MarvelCharactersAppUITestsLaunchTests.swift */ = {isa = PBXFileReference; lastKnownFileType = sourcecode.swift; path = MarvelCharactersAppUITestsLaunchTests.swift; sourceTree = "<group>"; };
		FA34E75E27A9B050005E6051 /* MainViewModel.swift */ = {isa = PBXFileReference; lastKnownFileType = sourcecode.swift; path = MainViewModel.swift; sourceTree = "<group>"; };
		FA34E76127A9B5A0005E6051 /* CharacterCollectionViewCell.swift */ = {isa = PBXFileReference; lastKnownFileType = sourcecode.swift; path = CharacterCollectionViewCell.swift; sourceTree = "<group>"; };
		FA34E76327A9B750005E6051 /* MainViewControllerFactory.swift */ = {isa = PBXFileReference; lastKnownFileType = sourcecode.swift; path = MainViewControllerFactory.swift; sourceTree = "<group>"; };
		FA34E76527A9BE97005E6051 /* NetworkingService.swift */ = {isa = PBXFileReference; lastKnownFileType = sourcecode.swift; path = NetworkingService.swift; sourceTree = "<group>"; };
		FA34E76727A9C51A005E6051 /* Endpoint.swift */ = {isa = PBXFileReference; lastKnownFileType = sourcecode.swift; path = Endpoint.swift; sourceTree = "<group>"; };
		FA34E76A27A9F5FE005E6051 /* NetworkingError.swift */ = {isa = PBXFileReference; lastKnownFileType = sourcecode.swift; path = NetworkingError.swift; sourceTree = "<group>"; };
		FA34E76D27A9FA9D005E6051 /* MarvelError.swift */ = {isa = PBXFileReference; lastKnownFileType = sourcecode.swift; path = MarvelError.swift; sourceTree = "<group>"; };
		FA34E76F27A9FBE8005E6051 /* NetworkErrorHandler.swift */ = {isa = PBXFileReference; lastKnownFileType = sourcecode.swift; path = NetworkErrorHandler.swift; sourceTree = "<group>"; };
		FA34E77127AA02B1005E6051 /* Character.swift */ = {isa = PBXFileReference; lastKnownFileType = sourcecode.swift; path = Character.swift; sourceTree = "<group>"; };
		FA34E77327AA0586005E6051 /* CharactersResponse.swift */ = {isa = PBXFileReference; lastKnownFileType = sourcecode.swift; path = CharactersResponse.swift; sourceTree = "<group>"; };
		FA34E77727AA06A5005E6051 /* UIAlertController.swift */ = {isa = PBXFileReference; lastKnownFileType = sourcecode.swift; path = UIAlertController.swift; sourceTree = "<group>"; };
		FA34E77B27AA0A26005E6051 /* String.swift */ = {isa = PBXFileReference; lastKnownFileType = sourcecode.swift; path = String.swift; sourceTree = "<group>"; };
		FA34E77F27AA0C8D005E6051 /* URL.swift */ = {isa = PBXFileReference; lastKnownFileType = sourcecode.swift; path = URL.swift; sourceTree = "<group>"; };
		FA34E78127AA0DA3005E6051 /* AuthorizationHandler.swift */ = {isa = PBXFileReference; lastKnownFileType = sourcecode.swift; path = AuthorizationHandler.swift; sourceTree = "<group>"; };
		FA34E78327AA1107005E6051 /* Bundle.swift */ = {isa = PBXFileReference; lastKnownFileType = sourcecode.swift; path = Bundle.swift; sourceTree = "<group>"; };
		FA3B89AD27AC2A9D0060F811 /* Comics.swift */ = {isa = PBXFileReference; lastKnownFileType = sourcecode.swift; path = Comics.swift; sourceTree = "<group>"; };
		FA3B89AF27AC2B4D0060F811 /* ComicsResponse.swift */ = {isa = PBXFileReference; lastKnownFileType = sourcecode.swift; path = ComicsResponse.swift; sourceTree = "<group>"; };
		FA3B89B227AC2E360060F811 /* NetworkingViewModel.swift */ = {isa = PBXFileReference; lastKnownFileType = sourcecode.swift; path = NetworkingViewModel.swift; sourceTree = "<group>"; };
		FA3B89B427AC2F220060F811 /* PageViewModel.swift */ = {isa = PBXFileReference; lastKnownFileType = sourcecode.swift; path = PageViewModel.swift; sourceTree = "<group>"; };
		FA3B89B627AC36C60060F811 /* Colors.xcassets */ = {isa = PBXFileReference; lastKnownFileType = folder.assetcatalog; path = Colors.xcassets; sourceTree = "<group>"; };
		FA3B89B827AC38190060F811 /* Color.swift */ = {isa = PBXFileReference; lastKnownFileType = sourcecode.swift; path = Color.swift; sourceTree = "<group>"; };
		FA3B89BB27AC3A740060F811 /* ComicsTableViewCell.swift */ = {isa = PBXFileReference; lastKnownFileType = sourcecode.swift; path = ComicsTableViewCell.swift; sourceTree = "<group>"; };
		FA84BD4B27AAA27E0011ED2E /* UIImageView.swift */ = {isa = PBXFileReference; lastKnownFileType = sourcecode.swift; path = UIImageView.swift; sourceTree = "<group>"; };
		FA84BD4E27AABEC80011ED2E /* Thumbnail.swift */ = {isa = PBXFileReference; lastKnownFileType = sourcecode.swift; path = Thumbnail.swift; sourceTree = "<group>"; };
		FA84BD5327AACF1E0011ED2E /* ComicsViewController.swift */ = {isa = PBXFileReference; lastKnownFileType = sourcecode.swift; path = ComicsViewController.swift; sourceTree = "<group>"; };
		FA84BD5527AACF750011ED2E /* ComicsViewModel.swift */ = {isa = PBXFileReference; lastKnownFileType = sourcecode.swift; path = ComicsViewModel.swift; sourceTree = "<group>"; };
		FA84BD5727AAD1AF0011ED2E /* ComicsViewControllerFactory.swift */ = {isa = PBXFileReference; lastKnownFileType = sourcecode.swift; path = ComicsViewControllerFactory.swift; sourceTree = "<group>"; };
		FA84BD5A27AADF3F0011ED2E /* PageInfo.swift */ = {isa = PBXFileReference; lastKnownFileType = sourcecode.swift; path = PageInfo.swift; sourceTree = "<group>"; };
		FA87E5CE27AD7D5200A78EBF /* CoreDataService.swift */ = {isa = PBXFileReference; lastKnownFileType = sourcecode.swift; path = CoreDataService.swift; sourceTree = "<group>"; };
		FA87E5D127AD931900A78EBF /* CharacterRepository.swift */ = {isa = PBXFileReference; lastKnownFileType = sourcecode.swift; path = CharacterRepository.swift; sourceTree = "<group>"; };
/* End PBXFileReference section */

/* Begin PBXFrameworksBuildPhase section */
		FA34E72027A9A7B4005E6051 /* Frameworks */ = {
			isa = PBXFrameworksBuildPhase;
			buildActionMask = 2147483647;
			files = (
			);
			runOnlyForDeploymentPostprocessing = 0;
		};
		FA34E73927A9A7B7005E6051 /* Frameworks */ = {
			isa = PBXFrameworksBuildPhase;
			buildActionMask = 2147483647;
			files = (
			);
			runOnlyForDeploymentPostprocessing = 0;
		};
		FA34E74327A9A7B7005E6051 /* Frameworks */ = {
			isa = PBXFrameworksBuildPhase;
			buildActionMask = 2147483647;
			files = (
			);
			runOnlyForDeploymentPostprocessing = 0;
		};
/* End PBXFrameworksBuildPhase section */

/* Begin PBXGroup section */
		FA34E71A27A9A7B4005E6051 = {
			isa = PBXGroup;
			children = (
				FA34E72527A9A7B4005E6051 /* MarvelCharactersApp */,
				FA34E73F27A9A7B7005E6051 /* MarvelCharactersAppTests */,
				FA34E74927A9A7B7005E6051 /* MarvelCharactersAppUITests */,
				FA34E72427A9A7B4005E6051 /* Products */,
			);
			sourceTree = "<group>";
		};
		FA34E72427A9A7B4005E6051 /* Products */ = {
			isa = PBXGroup;
			children = (
				FA34E72327A9A7B4005E6051 /* MarvelCharactersApp.app */,
				FA34E73C27A9A7B7005E6051 /* MarvelCharactersAppTests.xctest */,
				FA34E74627A9A7B7005E6051 /* MarvelCharactersAppUITests.xctest */,
			);
			name = Products;
			sourceTree = "<group>";
		};
		FA34E72527A9A7B4005E6051 /* MarvelCharactersApp */ = {
			isa = PBXGroup;
			children = (
				FA34E77627AA069A005E6051 /* Extensions */,
				FA34E76C27A9FA8F005E6051 /* Models */,
				FA34E75B27A9ABEF005E6051 /* Application */,
				FA34E75A27A9ABE6005E6051 /* Services */,
				FA34E75927A9ABDF005E6051 /* Controllers */,
				FA34E75C27A9ABFB005E6051 /* Resources */,
			);
			path = MarvelCharactersApp;
			sourceTree = "<group>";
		};
		FA34E73F27A9A7B7005E6051 /* MarvelCharactersAppTests */ = {
			isa = PBXGroup;
			children = (
				FA34E74027A9A7B7005E6051 /* MarvelCharactersAppTests.swift */,
			);
			path = MarvelCharactersAppTests;
			sourceTree = "<group>";
		};
		FA34E74927A9A7B7005E6051 /* MarvelCharactersAppUITests */ = {
			isa = PBXGroup;
			children = (
				FA34E74A27A9A7B7005E6051 /* MarvelCharactersAppUITests.swift */,
				FA34E74C27A9A7B7005E6051 /* MarvelCharactersAppUITestsLaunchTests.swift */,
			);
			path = MarvelCharactersAppUITests;
			sourceTree = "<group>";
		};
		FA34E75927A9ABDF005E6051 /* Controllers */ = {
			isa = PBXGroup;
			children = (
				FA3B89B127AC2E030060F811 /* Common */,
				FA34E75D27A9AC16005E6051 /* Characters */,
				FA84BD5227AACF100011ED2E /* Comics */,
			);
			path = Controllers;
			sourceTree = "<group>";
		};
		FA34E75A27A9ABE6005E6051 /* Services */ = {
			isa = PBXGroup;
			children = (
				FA87E5CD27AD7D3000A78EBF /* CoreData */,
				FA34E76927A9F5EF005E6051 /* Networking */,
				FA87E5D127AD931900A78EBF /* CharacterRepository.swift */,
			);
			path = Services;
			sourceTree = "<group>";
		};
		FA34E75B27A9ABEF005E6051 /* Application */ = {
			isa = PBXGroup;
			children = (
				FA34E72627A9A7B4005E6051 /* AppDelegate.swift */,
				FA34E73427A9A7B7005E6051 /* LaunchScreen.storyboard */,
			);
			path = Application;
			sourceTree = "<group>";
		};
		FA34E75C27A9ABFB005E6051 /* Resources */ = {
			isa = PBXGroup;
			children = (
				FA34E73227A9A7B7005E6051 /* Assets.xcassets */,
				FA34E72F27A9A7B4005E6051 /* MarvelCharactersApp.xcdatamodeld */,
				FA34E73727A9A7B7005E6051 /* Info.plist */,
				FA3B89B627AC36C60060F811 /* Colors.xcassets */,
			);
			path = Resources;
			sourceTree = "<group>";
		};
		FA34E75D27A9AC16005E6051 /* Characters */ = {
			isa = PBXGroup;
			children = (
				FA34E76027A9B590005E6051 /* Views */,
				FA34E72A27A9A7B4005E6051 /* MainViewController.swift */,
				FA34E75E27A9B050005E6051 /* MainViewModel.swift */,
				FA34E76327A9B750005E6051 /* MainViewControllerFactory.swift */,
			);
			path = Characters;
			sourceTree = "<group>";
		};
		FA34E76027A9B590005E6051 /* Views */ = {
			isa = PBXGroup;
			children = (
				FA34E76127A9B5A0005E6051 /* CharacterCollectionViewCell.swift */,
			);
			path = Views;
			sourceTree = "<group>";
		};
		FA34E76927A9F5EF005E6051 /* Networking */ = {
			isa = PBXGroup;
			children = (
				FA34E76727A9C51A005E6051 /* Endpoint.swift */,
				FA34E76527A9BE97005E6051 /* NetworkingService.swift */,
				FA34E76F27A9FBE8005E6051 /* NetworkErrorHandler.swift */,
				FA34E78127AA0DA3005E6051 /* AuthorizationHandler.swift */,
			);
			path = Networking;
			sourceTree = "<group>";
		};
		FA34E76C27A9FA8F005E6051 /* Models */ = {
			isa = PBXGroup;
			children = (
				FA34E77527AA0624005E6051 /* Errors */,
				FA84BD5A27AADF3F0011ED2E /* PageInfo.swift */,
				FA84BD4E27AABEC80011ED2E /* Thumbnail.swift */,
				FA84BD4D27AABEB50011ED2E /* Character */,
				FA3B89AC27AC2A8E0060F811 /* Comics */,
			);
			path = Models;
			sourceTree = "<group>";
		};
		FA34E77527AA0624005E6051 /* Errors */ = {
			isa = PBXGroup;
			children = (
				FA34E76A27A9F5FE005E6051 /* NetworkingError.swift */,
				FA34E76D27A9FA9D005E6051 /* MarvelError.swift */,
			);
			path = Errors;
			sourceTree = "<group>";
		};
		FA34E77627AA069A005E6051 /* Extensions */ = {
			isa = PBXGroup;
			children = (
				FA34E77727AA06A5005E6051 /* UIAlertController.swift */,
				FA34E77B27AA0A26005E6051 /* String.swift */,
				FA34E77F27AA0C8D005E6051 /* URL.swift */,
				FA34E78327AA1107005E6051 /* Bundle.swift */,
				FA84BD4B27AAA27E0011ED2E /* UIImageView.swift */,
				FA3B89B827AC38190060F811 /* Color.swift */,
			);
			path = Extensions;
			sourceTree = "<group>";
		};
		FA3B89AC27AC2A8E0060F811 /* Comics */ = {
			isa = PBXGroup;
			children = (
				FA3B89AF27AC2B4D0060F811 /* ComicsResponse.swift */,
				FA3B89AD27AC2A9D0060F811 /* Comics.swift */,
			);
			path = Comics;
			sourceTree = "<group>";
		};
		FA3B89B127AC2E030060F811 /* Common */ = {
			isa = PBXGroup;
			children = (
				FA3B89B227AC2E360060F811 /* NetworkingViewModel.swift */,
				FA3B89B427AC2F220060F811 /* PageViewModel.swift */,
			);
			path = Common;
			sourceTree = "<group>";
		};
		FA3B89BA27AC3A630060F811 /* Views */ = {
			isa = PBXGroup;
			children = (
				FA3B89BB27AC3A740060F811 /* ComicsTableViewCell.swift */,
			);
			path = Views;
			sourceTree = "<group>";
		};
		FA84BD4D27AABEB50011ED2E /* Character */ = {
			isa = PBXGroup;
			children = (
				FA34E77327AA0586005E6051 /* CharactersResponse.swift */,
				FA34E77127AA02B1005E6051 /* Character.swift */,
			);
			path = Character;
			sourceTree = "<group>";
		};
		FA84BD5227AACF100011ED2E /* Comics */ = {
			isa = PBXGroup;
			children = (
				FA3B89BA27AC3A630060F811 /* Views */,
				FA84BD5327AACF1E0011ED2E /* ComicsViewController.swift */,
				FA84BD5527AACF750011ED2E /* ComicsViewModel.swift */,
				FA84BD5727AAD1AF0011ED2E /* ComicsViewControllerFactory.swift */,
			);
			path = Comics;
			sourceTree = "<group>";
		};
		FA87E5CD27AD7D3000A78EBF /* CoreData */ = {
			isa = PBXGroup;
			children = (
				FA87E5CE27AD7D5200A78EBF /* CoreDataService.swift */,
			);
			path = CoreData;
			sourceTree = "<group>";
		};
/* End PBXGroup section */

/* Begin PBXNativeTarget section */
		FA34E72227A9A7B4005E6051 /* MarvelCharactersApp */ = {
			isa = PBXNativeTarget;
			buildConfigurationList = FA34E75027A9A7B7005E6051 /* Build configuration list for PBXNativeTarget "MarvelCharactersApp" */;
			buildPhases = (
				FA34E71F27A9A7B4005E6051 /* Sources */,
				FA34E72027A9A7B4005E6051 /* Frameworks */,
				FA34E72127A9A7B4005E6051 /* Resources */,
			);
			buildRules = (
			);
			dependencies = (
			);
			name = MarvelCharactersApp;
			productName = MarvelCharactersApp;
			productReference = FA34E72327A9A7B4005E6051 /* MarvelCharactersApp.app */;
			productType = "com.apple.product-type.application";
		};
		FA34E73B27A9A7B7005E6051 /* MarvelCharactersAppTests */ = {
			isa = PBXNativeTarget;
			buildConfigurationList = FA34E75327A9A7B7005E6051 /* Build configuration list for PBXNativeTarget "MarvelCharactersAppTests" */;
			buildPhases = (
				FA34E73827A9A7B7005E6051 /* Sources */,
				FA34E73927A9A7B7005E6051 /* Frameworks */,
				FA34E73A27A9A7B7005E6051 /* Resources */,
			);
			buildRules = (
			);
			dependencies = (
				FA34E73E27A9A7B7005E6051 /* PBXTargetDependency */,
			);
			name = MarvelCharactersAppTests;
			productName = MarvelCharactersAppTests;
			productReference = FA34E73C27A9A7B7005E6051 /* MarvelCharactersAppTests.xctest */;
			productType = "com.apple.product-type.bundle.unit-test";
		};
		FA34E74527A9A7B7005E6051 /* MarvelCharactersAppUITests */ = {
			isa = PBXNativeTarget;
			buildConfigurationList = FA34E75627A9A7B7005E6051 /* Build configuration list for PBXNativeTarget "MarvelCharactersAppUITests" */;
			buildPhases = (
				FA34E74227A9A7B7005E6051 /* Sources */,
				FA34E74327A9A7B7005E6051 /* Frameworks */,
				FA34E74427A9A7B7005E6051 /* Resources */,
			);
			buildRules = (
			);
			dependencies = (
				FA34E74827A9A7B7005E6051 /* PBXTargetDependency */,
			);
			name = MarvelCharactersAppUITests;
			productName = MarvelCharactersAppUITests;
			productReference = FA34E74627A9A7B7005E6051 /* MarvelCharactersAppUITests.xctest */;
			productType = "com.apple.product-type.bundle.ui-testing";
		};
/* End PBXNativeTarget section */

/* Begin PBXProject section */
		FA34E71B27A9A7B4005E6051 /* Project object */ = {
			isa = PBXProject;
			attributes = {
				BuildIndependentTargetsInParallel = 1;
				LastSwiftUpdateCheck = 1320;
				LastUpgradeCheck = 1320;
				TargetAttributes = {
					FA34E72227A9A7B4005E6051 = {
						CreatedOnToolsVersion = 13.2.1;
					};
					FA34E73B27A9A7B7005E6051 = {
						CreatedOnToolsVersion = 13.2.1;
						TestTargetID = FA34E72227A9A7B4005E6051;
					};
					FA34E74527A9A7B7005E6051 = {
						CreatedOnToolsVersion = 13.2.1;
						TestTargetID = FA34E72227A9A7B4005E6051;
					};
				};
			};
			buildConfigurationList = FA34E71E27A9A7B4005E6051 /* Build configuration list for PBXProject "MarvelCharactersApp" */;
			compatibilityVersion = "Xcode 13.0";
			developmentRegion = en;
			hasScannedForEncodings = 0;
			knownRegions = (
				en,
				Base,
			);
			mainGroup = FA34E71A27A9A7B4005E6051;
			productRefGroup = FA34E72427A9A7B4005E6051 /* Products */;
			projectDirPath = "";
			projectRoot = "";
			targets = (
				FA34E72227A9A7B4005E6051 /* MarvelCharactersApp */,
				FA34E73B27A9A7B7005E6051 /* MarvelCharactersAppTests */,
				FA34E74527A9A7B7005E6051 /* MarvelCharactersAppUITests */,
			);
		};
/* End PBXProject section */

/* Begin PBXResourcesBuildPhase section */
		FA34E72127A9A7B4005E6051 /* Resources */ = {
			isa = PBXResourcesBuildPhase;
			buildActionMask = 2147483647;
			files = (
				FA3B89B727AC36C60060F811 /* Colors.xcassets in Resources */,
				FA34E73627A9A7B7005E6051 /* LaunchScreen.storyboard in Resources */,
				FA34E73327A9A7B7005E6051 /* Assets.xcassets in Resources */,
			);
			runOnlyForDeploymentPostprocessing = 0;
		};
		FA34E73A27A9A7B7005E6051 /* Resources */ = {
			isa = PBXResourcesBuildPhase;
			buildActionMask = 2147483647;
			files = (
			);
			runOnlyForDeploymentPostprocessing = 0;
		};
		FA34E74427A9A7B7005E6051 /* Resources */ = {
			isa = PBXResourcesBuildPhase;
			buildActionMask = 2147483647;
			files = (
			);
			runOnlyForDeploymentPostprocessing = 0;
		};
/* End PBXResourcesBuildPhase section */

/* Begin PBXSourcesBuildPhase section */
		FA34E71F27A9A7B4005E6051 /* Sources */ = {
			isa = PBXSourcesBuildPhase;
			buildActionMask = 2147483647;
			files = (
				FA34E76427A9B751005E6051 /* MainViewControllerFactory.swift in Sources */,
				FA87E5D227AD931900A78EBF /* CharacterRepository.swift in Sources */,
				FA34E78427AA1107005E6051 /* Bundle.swift in Sources */,
				FA3B89B527AC2F220060F811 /* PageViewModel.swift in Sources */,
				FA3B89BC27AC3A740060F811 /* ComicsTableViewCell.swift in Sources */,
				FA34E76227A9B5A0005E6051 /* CharacterCollectionViewCell.swift in Sources */,
				FA3B89B327AC2E360060F811 /* NetworkingViewModel.swift in Sources */,
				FA34E75F27A9B050005E6051 /* MainViewModel.swift in Sources */,
				FA34E77227AA02B1005E6051 /* Character.swift in Sources */,
				FA34E73127A9A7B4005E6051 /* MarvelCharactersApp.xcdatamodeld in Sources */,
				FA34E76B27A9F5FF005E6051 /* NetworkingError.swift in Sources */,
				FA34E72B27A9A7B4005E6051 /* MainViewController.swift in Sources */,
				FA34E78027AA0C8D005E6051 /* URL.swift in Sources */,
				FA34E76627A9BE97005E6051 /* NetworkingService.swift in Sources */,
				FA34E76E27A9FA9D005E6051 /* MarvelError.swift in Sources */,
				FA34E77427AA0586005E6051 /* CharactersResponse.swift in Sources */,
				FA84BD4C27AAA27E0011ED2E /* UIImageView.swift in Sources */,
				FA3B89AE27AC2A9D0060F811 /* Comics.swift in Sources */,
				FA34E78227AA0DA3005E6051 /* AuthorizationHandler.swift in Sources */,
				FA87E5CF27AD7D5200A78EBF /* CoreDataService.swift in Sources */,
				FA3B89B927AC38190060F811 /* Color.swift in Sources */,
				FA84BD5627AACF750011ED2E /* ComicsViewModel.swift in Sources */,
				FA34E77827AA06A5005E6051 /* UIAlertController.swift in Sources */,
				FA34E76827A9C51A005E6051 /* Endpoint.swift in Sources */,
				FA84BD5427AACF1E0011ED2E /* ComicsViewController.swift in Sources */,
				FA34E72727A9A7B4005E6051 /* AppDelegate.swift in Sources */,
				FA3B89B027AC2B4D0060F811 /* ComicsResponse.swift in Sources */,
				FA84BD5827AAD1AF0011ED2E /* ComicsViewControllerFactory.swift in Sources */,
				FA34E77C27AA0A26005E6051 /* String.swift in Sources */,
				FA84BD5B27AADF3F0011ED2E /* PageInfo.swift in Sources */,
				FA84BD4F27AABEC80011ED2E /* Thumbnail.swift in Sources */,
				FA34E77027A9FBE8005E6051 /* NetworkErrorHandler.swift in Sources */,
			);
			runOnlyForDeploymentPostprocessing = 0;
		};
		FA34E73827A9A7B7005E6051 /* Sources */ = {
			isa = PBXSourcesBuildPhase;
			buildActionMask = 2147483647;
			files = (
				FA34E74127A9A7B7005E6051 /* MarvelCharactersAppTests.swift in Sources */,
			);
			runOnlyForDeploymentPostprocessing = 0;
		};
		FA34E74227A9A7B7005E6051 /* Sources */ = {
			isa = PBXSourcesBuildPhase;
			buildActionMask = 2147483647;
			files = (
				FA34E74B27A9A7B7005E6051 /* MarvelCharactersAppUITests.swift in Sources */,
				FA34E74D27A9A7B7005E6051 /* MarvelCharactersAppUITestsLaunchTests.swift in Sources */,
			);
			runOnlyForDeploymentPostprocessing = 0;
		};
/* End PBXSourcesBuildPhase section */

/* Begin PBXTargetDependency section */
		FA34E73E27A9A7B7005E6051 /* PBXTargetDependency */ = {
			isa = PBXTargetDependency;
			target = FA34E72227A9A7B4005E6051 /* MarvelCharactersApp */;
			targetProxy = FA34E73D27A9A7B7005E6051 /* PBXContainerItemProxy */;
		};
		FA34E74827A9A7B7005E6051 /* PBXTargetDependency */ = {
			isa = PBXTargetDependency;
			target = FA34E72227A9A7B4005E6051 /* MarvelCharactersApp */;
			targetProxy = FA34E74727A9A7B7005E6051 /* PBXContainerItemProxy */;
		};
/* End PBXTargetDependency section */

/* Begin PBXVariantGroup section */
		FA34E73427A9A7B7005E6051 /* LaunchScreen.storyboard */ = {
			isa = PBXVariantGroup;
			children = (
				FA34E73527A9A7B7005E6051 /* Base */,
			);
			name = LaunchScreen.storyboard;
			sourceTree = "<group>";
		};
/* End PBXVariantGroup section */

/* Begin XCBuildConfiguration section */
		FA34E74E27A9A7B7005E6051 /* Debug */ = {
			isa = XCBuildConfiguration;
			buildSettings = {
				ALWAYS_SEARCH_USER_PATHS = NO;
				CLANG_ANALYZER_NONNULL = YES;
				CLANG_ANALYZER_NUMBER_OBJECT_CONVERSION = YES_AGGRESSIVE;
				CLANG_CXX_LANGUAGE_STANDARD = "gnu++17";
				CLANG_CXX_LIBRARY = "libc++";
				CLANG_ENABLE_MODULES = YES;
				CLANG_ENABLE_OBJC_ARC = YES;
				CLANG_ENABLE_OBJC_WEAK = YES;
				CLANG_WARN_BLOCK_CAPTURE_AUTORELEASING = YES;
				CLANG_WARN_BOOL_CONVERSION = YES;
				CLANG_WARN_COMMA = YES;
				CLANG_WARN_CONSTANT_CONVERSION = YES;
				CLANG_WARN_DEPRECATED_OBJC_IMPLEMENTATIONS = YES;
				CLANG_WARN_DIRECT_OBJC_ISA_USAGE = YES_ERROR;
				CLANG_WARN_DOCUMENTATION_COMMENTS = YES;
				CLANG_WARN_EMPTY_BODY = YES;
				CLANG_WARN_ENUM_CONVERSION = YES;
				CLANG_WARN_INFINITE_RECURSION = YES;
				CLANG_WARN_INT_CONVERSION = YES;
				CLANG_WARN_NON_LITERAL_NULL_CONVERSION = YES;
				CLANG_WARN_OBJC_IMPLICIT_RETAIN_SELF = YES;
				CLANG_WARN_OBJC_LITERAL_CONVERSION = YES;
				CLANG_WARN_OBJC_ROOT_CLASS = YES_ERROR;
				CLANG_WARN_QUOTED_INCLUDE_IN_FRAMEWORK_HEADER = YES;
				CLANG_WARN_RANGE_LOOP_ANALYSIS = YES;
				CLANG_WARN_STRICT_PROTOTYPES = YES;
				CLANG_WARN_SUSPICIOUS_MOVE = YES;
				CLANG_WARN_UNGUARDED_AVAILABILITY = YES_AGGRESSIVE;
				CLANG_WARN_UNREACHABLE_CODE = YES;
				CLANG_WARN__DUPLICATE_METHOD_MATCH = YES;
				COPY_PHASE_STRIP = NO;
				DEBUG_INFORMATION_FORMAT = dwarf;
				ENABLE_STRICT_OBJC_MSGSEND = YES;
				ENABLE_TESTABILITY = YES;
				GCC_C_LANGUAGE_STANDARD = gnu11;
				GCC_DYNAMIC_NO_PIC = NO;
				GCC_NO_COMMON_BLOCKS = YES;
				GCC_OPTIMIZATION_LEVEL = 0;
				GCC_PREPROCESSOR_DEFINITIONS = (
					"DEBUG=1",
					"$(inherited)",
				);
				GCC_WARN_64_TO_32_BIT_CONVERSION = YES;
				GCC_WARN_ABOUT_RETURN_TYPE = YES_ERROR;
				GCC_WARN_UNDECLARED_SELECTOR = YES;
				GCC_WARN_UNINITIALIZED_AUTOS = YES_AGGRESSIVE;
				GCC_WARN_UNUSED_FUNCTION = YES;
				GCC_WARN_UNUSED_VARIABLE = YES;
				IPHONEOS_DEPLOYMENT_TARGET = 12.0;
				MARVEL_PRIVATE_KEY = 4b01410ea97948ab00118e38000364b61770a06d;
				MARVEL_PUBLIC_KEY = 900f587e7eaf02f873466eb0f3af9429;
				MTL_ENABLE_DEBUG_INFO = INCLUDE_SOURCE;
				MTL_FAST_MATH = YES;
				ONLY_ACTIVE_ARCH = YES;
				SDKROOT = iphoneos;
				SWIFT_ACTIVE_COMPILATION_CONDITIONS = DEBUG;
				SWIFT_OPTIMIZATION_LEVEL = "-Onone";
			};
			name = Debug;
		};
		FA34E74F27A9A7B7005E6051 /* Release */ = {
			isa = XCBuildConfiguration;
			buildSettings = {
				ALWAYS_SEARCH_USER_PATHS = NO;
				CLANG_ANALYZER_NONNULL = YES;
				CLANG_ANALYZER_NUMBER_OBJECT_CONVERSION = YES_AGGRESSIVE;
				CLANG_CXX_LANGUAGE_STANDARD = "gnu++17";
				CLANG_CXX_LIBRARY = "libc++";
				CLANG_ENABLE_MODULES = YES;
				CLANG_ENABLE_OBJC_ARC = YES;
				CLANG_ENABLE_OBJC_WEAK = YES;
				CLANG_WARN_BLOCK_CAPTURE_AUTORELEASING = YES;
				CLANG_WARN_BOOL_CONVERSION = YES;
				CLANG_WARN_COMMA = YES;
				CLANG_WARN_CONSTANT_CONVERSION = YES;
				CLANG_WARN_DEPRECATED_OBJC_IMPLEMENTATIONS = YES;
				CLANG_WARN_DIRECT_OBJC_ISA_USAGE = YES_ERROR;
				CLANG_WARN_DOCUMENTATION_COMMENTS = YES;
				CLANG_WARN_EMPTY_BODY = YES;
				CLANG_WARN_ENUM_CONVERSION = YES;
				CLANG_WARN_INFINITE_RECURSION = YES;
				CLANG_WARN_INT_CONVERSION = YES;
				CLANG_WARN_NON_LITERAL_NULL_CONVERSION = YES;
				CLANG_WARN_OBJC_IMPLICIT_RETAIN_SELF = YES;
				CLANG_WARN_OBJC_LITERAL_CONVERSION = YES;
				CLANG_WARN_OBJC_ROOT_CLASS = YES_ERROR;
				CLANG_WARN_QUOTED_INCLUDE_IN_FRAMEWORK_HEADER = YES;
				CLANG_WARN_RANGE_LOOP_ANALYSIS = YES;
				CLANG_WARN_STRICT_PROTOTYPES = YES;
				CLANG_WARN_SUSPICIOUS_MOVE = YES;
				CLANG_WARN_UNGUARDED_AVAILABILITY = YES_AGGRESSIVE;
				CLANG_WARN_UNREACHABLE_CODE = YES;
				CLANG_WARN__DUPLICATE_METHOD_MATCH = YES;
				COPY_PHASE_STRIP = NO;
				DEBUG_INFORMATION_FORMAT = "dwarf-with-dsym";
				ENABLE_NS_ASSERTIONS = NO;
				ENABLE_STRICT_OBJC_MSGSEND = YES;
				GCC_C_LANGUAGE_STANDARD = gnu11;
				GCC_NO_COMMON_BLOCKS = YES;
				GCC_WARN_64_TO_32_BIT_CONVERSION = YES;
				GCC_WARN_ABOUT_RETURN_TYPE = YES_ERROR;
				GCC_WARN_UNDECLARED_SELECTOR = YES;
				GCC_WARN_UNINITIALIZED_AUTOS = YES_AGGRESSIVE;
				GCC_WARN_UNUSED_FUNCTION = YES;
				GCC_WARN_UNUSED_VARIABLE = YES;
				IPHONEOS_DEPLOYMENT_TARGET = 12.0;
				MARVEL_PRIVATE_KEY = 4b01410ea97948ab00118e38000364b61770a06d;
				MARVEL_PUBLIC_KEY = 900f587e7eaf02f873466eb0f3af9429;
				MTL_ENABLE_DEBUG_INFO = NO;
				MTL_FAST_MATH = YES;
				SDKROOT = iphoneos;
				SWIFT_COMPILATION_MODE = wholemodule;
				SWIFT_OPTIMIZATION_LEVEL = "-O";
				VALIDATE_PRODUCT = YES;
			};
			name = Release;
		};
		FA34E75127A9A7B7005E6051 /* Debug */ = {
			isa = XCBuildConfiguration;
			buildSettings = {
				ASSETCATALOG_COMPILER_APPICON_NAME = AppIcon;
				ASSETCATALOG_COMPILER_GLOBAL_ACCENT_COLOR_NAME = AccentColor;
				CODE_SIGN_STYLE = Automatic;
				CURRENT_PROJECT_VERSION = 1;
				DEVELOPMENT_TEAM = 7EV2AP75R8;
				GENERATE_INFOPLIST_FILE = YES;
				INFOPLIST_FILE = MarvelCharactersApp/Resources/Info.plist;
				INFOPLIST_KEY_UIApplicationSupportsIndirectInputEvents = YES;
				INFOPLIST_KEY_UILaunchStoryboardName = LaunchScreen;
				INFOPLIST_KEY_UISupportedInterfaceOrientations = UIInterfaceOrientationPortrait;
				INFOPLIST_KEY_UISupportedInterfaceOrientations_iPad = "UIInterfaceOrientationPortrait UIInterfaceOrientationPortraitUpsideDown UIInterfaceOrientationLandscapeLeft UIInterfaceOrientationLandscapeRight";
				INFOPLIST_KEY_UISupportedInterfaceOrientations_iPhone = "UIInterfaceOrientationPortrait UIInterfaceOrientationLandscapeLeft UIInterfaceOrientationLandscapeRight";
				IPHONEOS_DEPLOYMENT_TARGET = 12.0;
				LD_RUNPATH_SEARCH_PATHS = (
					"$(inherited)",
					"@executable_path/Frameworks",
				);
				MARKETING_VERSION = 1.0;
				PRODUCT_BUNDLE_IDENTIFIER = app.characters.marvel.MarvelCharactersApp;
				PRODUCT_NAME = "$(TARGET_NAME)";
				SWIFT_EMIT_LOC_STRINGS = YES;
				SWIFT_VERSION = 5.0;
				TARGETED_DEVICE_FAMILY = 1;
			};
			name = Debug;
		};
		FA34E75227A9A7B7005E6051 /* Release */ = {
			isa = XCBuildConfiguration;
			buildSettings = {
				ASSETCATALOG_COMPILER_APPICON_NAME = AppIcon;
				ASSETCATALOG_COMPILER_GLOBAL_ACCENT_COLOR_NAME = AccentColor;
				CODE_SIGN_STYLE = Automatic;
				CURRENT_PROJECT_VERSION = 1;
				DEVELOPMENT_TEAM = 7EV2AP75R8;
				GENERATE_INFOPLIST_FILE = YES;
				INFOPLIST_FILE = MarvelCharactersApp/Resources/Info.plist;
				INFOPLIST_KEY_UIApplicationSupportsIndirectInputEvents = YES;
				INFOPLIST_KEY_UILaunchStoryboardName = LaunchScreen;
				INFOPLIST_KEY_UISupportedInterfaceOrientations = UIInterfaceOrientationPortrait;
				INFOPLIST_KEY_UISupportedInterfaceOrientations_iPad = "UIInterfaceOrientationPortrait UIInterfaceOrientationPortraitUpsideDown UIInterfaceOrientationLandscapeLeft UIInterfaceOrientationLandscapeRight";
				INFOPLIST_KEY_UISupportedInterfaceOrientations_iPhone = "UIInterfaceOrientationPortrait UIInterfaceOrientationLandscapeLeft UIInterfaceOrientationLandscapeRight";
				IPHONEOS_DEPLOYMENT_TARGET = 12.0;
				LD_RUNPATH_SEARCH_PATHS = (
					"$(inherited)",
					"@executable_path/Frameworks",
				);
				MARKETING_VERSION = 1.0;
				PRODUCT_BUNDLE_IDENTIFIER = app.characters.marvel.MarvelCharactersApp;
				PRODUCT_NAME = "$(TARGET_NAME)";
				SWIFT_EMIT_LOC_STRINGS = YES;
				SWIFT_VERSION = 5.0;
				TARGETED_DEVICE_FAMILY = 1;
			};
			name = Release;
		};
		FA34E75427A9A7B7005E6051 /* Debug */ = {
			isa = XCBuildConfiguration;
			buildSettings = {
				ALWAYS_EMBED_SWIFT_STANDARD_LIBRARIES = YES;
				BUNDLE_LOADER = "$(TEST_HOST)";
				CODE_SIGN_STYLE = Automatic;
				CURRENT_PROJECT_VERSION = 1;
				GENERATE_INFOPLIST_FILE = YES;
				IPHONEOS_DEPLOYMENT_TARGET = 15.2;
				MARKETING_VERSION = 1.0;
				PRODUCT_BUNDLE_IDENTIFIER = app.characters.marvel.MarvelCharactersAppTests;
				PRODUCT_NAME = "$(TARGET_NAME)";
				SWIFT_EMIT_LOC_STRINGS = NO;
				SWIFT_VERSION = 5.0;
				TARGETED_DEVICE_FAMILY = "1,2";
				TEST_HOST = "$(BUILT_PRODUCTS_DIR)/MarvelCharactersApp.app/MarvelCharactersApp";
			};
			name = Debug;
		};
		FA34E75527A9A7B7005E6051 /* Release */ = {
			isa = XCBuildConfiguration;
			buildSettings = {
				ALWAYS_EMBED_SWIFT_STANDARD_LIBRARIES = YES;
				BUNDLE_LOADER = "$(TEST_HOST)";
				CODE_SIGN_STYLE = Automatic;
				CURRENT_PROJECT_VERSION = 1;
				GENERATE_INFOPLIST_FILE = YES;
				IPHONEOS_DEPLOYMENT_TARGET = 15.2;
				MARKETING_VERSION = 1.0;
				PRODUCT_BUNDLE_IDENTIFIER = app.characters.marvel.MarvelCharactersAppTests;
				PRODUCT_NAME = "$(TARGET_NAME)";
				SWIFT_EMIT_LOC_STRINGS = NO;
				SWIFT_VERSION = 5.0;
				TARGETED_DEVICE_FAMILY = "1,2";
				TEST_HOST = "$(BUILT_PRODUCTS_DIR)/MarvelCharactersApp.app/MarvelCharactersApp";
			};
			name = Release;
		};
		FA34E75727A9A7B7005E6051 /* Debug */ = {
			isa = XCBuildConfiguration;
			buildSettings = {
				ALWAYS_EMBED_SWIFT_STANDARD_LIBRARIES = YES;
				CODE_SIGN_STYLE = Automatic;
				CURRENT_PROJECT_VERSION = 1;
				GENERATE_INFOPLIST_FILE = YES;
				MARKETING_VERSION = 1.0;
				PRODUCT_BUNDLE_IDENTIFIER = app.characters.marvel.MarvelCharactersAppUITests;
				PRODUCT_NAME = "$(TARGET_NAME)";
				SWIFT_EMIT_LOC_STRINGS = NO;
				SWIFT_VERSION = 5.0;
				TARGETED_DEVICE_FAMILY = "1,2";
				TEST_TARGET_NAME = MarvelCharactersApp;
			};
			name = Debug;
		};
		FA34E75827A9A7B7005E6051 /* Release */ = {
			isa = XCBuildConfiguration;
			buildSettings = {
				ALWAYS_EMBED_SWIFT_STANDARD_LIBRARIES = YES;
				CODE_SIGN_STYLE = Automatic;
				CURRENT_PROJECT_VERSION = 1;
				GENERATE_INFOPLIST_FILE = YES;
				MARKETING_VERSION = 1.0;
				PRODUCT_BUNDLE_IDENTIFIER = app.characters.marvel.MarvelCharactersAppUITests;
				PRODUCT_NAME = "$(TARGET_NAME)";
				SWIFT_EMIT_LOC_STRINGS = NO;
				SWIFT_VERSION = 5.0;
				TARGETED_DEVICE_FAMILY = "1,2";
				TEST_TARGET_NAME = MarvelCharactersApp;
			};
			name = Release;
		};
/* End XCBuildConfiguration section */

/* Begin XCConfigurationList section */
		FA34E71E27A9A7B4005E6051 /* Build configuration list for PBXProject "MarvelCharactersApp" */ = {
			isa = XCConfigurationList;
			buildConfigurations = (
				FA34E74E27A9A7B7005E6051 /* Debug */,
				FA34E74F27A9A7B7005E6051 /* Release */,
			);
			defaultConfigurationIsVisible = 0;
			defaultConfigurationName = Release;
		};
		FA34E75027A9A7B7005E6051 /* Build configuration list for PBXNativeTarget "MarvelCharactersApp" */ = {
			isa = XCConfigurationList;
			buildConfigurations = (
				FA34E75127A9A7B7005E6051 /* Debug */,
				FA34E75227A9A7B7005E6051 /* Release */,
			);
			defaultConfigurationIsVisible = 0;
			defaultConfigurationName = Release;
		};
		FA34E75327A9A7B7005E6051 /* Build configuration list for PBXNativeTarget "MarvelCharactersAppTests" */ = {
			isa = XCConfigurationList;
			buildConfigurations = (
				FA34E75427A9A7B7005E6051 /* Debug */,
				FA34E75527A9A7B7005E6051 /* Release */,
			);
			defaultConfigurationIsVisible = 0;
			defaultConfigurationName = Release;
		};
		FA34E75627A9A7B7005E6051 /* Build configuration list for PBXNativeTarget "MarvelCharactersAppUITests" */ = {
			isa = XCConfigurationList;
			buildConfigurations = (
				FA34E75727A9A7B7005E6051 /* Debug */,
				FA34E75827A9A7B7005E6051 /* Release */,
			);
			defaultConfigurationIsVisible = 0;
			defaultConfigurationName = Release;
		};
/* End XCConfigurationList section */

/* Begin XCVersionGroup section */
		FA34E72F27A9A7B4005E6051 /* MarvelCharactersApp.xcdatamodeld */ = {
			isa = XCVersionGroup;
			children = (
				FA34E73027A9A7B4005E6051 /* MarvelCharactersApp.xcdatamodel */,
			);
			currentVersion = FA34E73027A9A7B4005E6051 /* MarvelCharactersApp.xcdatamodel */;
			path = MarvelCharactersApp.xcdatamodeld;
			sourceTree = "<group>";
			versionGroupType = wrapper.xcdatamodel;
		};
/* End XCVersionGroup section */
	};
	rootObject = FA34E71B27A9A7B4005E6051 /* Project object */;
}
